{
    "_meta": {
        "hash": {
            "sha256": "716f20afc26ed88f873481d42e1c6d3c3332dde83f7cc70b9cbcb8829c244d1f"
        },
        "pipfile-spec": 6,
        "requires": {
            "python_version": "3.8"
        },
        "sources": [
            {
                "name": "pypi",
                "url": "https://pypi.org/simple",
                "verify_ssl": true
            }
        ]
    },
    "default": {
        "asn1crypto": {
            "hashes": [
                "sha256:4bcdf33c861c7d40bdcd74d8e4dd7661aac320fcdf40b9a3f95b4ee12fde2fa8",
                "sha256:f4f6e119474e58e04a2b1af817eb585b4fd72bdd89b998624712b5c99be7641c"
            ],
            "version": "==1.4.0"
        },
        "azure-common": {
            "hashes": [
                "sha256:acd26b2adb3ea192d766b4f083805287da080adc7f316ce7e52ef0ea917fbe31",
                "sha256:b2866238aea5d7492cfb0282fc8b8d5f6d06fb433872345864d45753c10b6e4f"
            ],
            "version": "==1.1.26"
        },
        "azure-core": {
            "hashes": [
                "sha256:a4db9e64fc0de9d19d004d6b3b908459aa7d9cb6730734c485f738cb56a1ef27",
                "sha256:ef8ae93a2ce8b595f231395579be11aadc1838168cbc2582e2d0bbd8b15c461f"
            ],
            "version": "==1.9.0"
        },
        "azure-storage-blob": {
            "hashes": [
                "sha256:b698140e28a53d23acaf391c99907e898e2b9509e7d2805307ee9ccfa9cb954b",
                "sha256:dc7832d48ae3f5b31a0b24191084ce6ef7d8dfbf73e553dfe34eaddcb6813be3"
            ],
            "index": "pypi",
            "version": "==12.6.0"
        },
        "boto3": {
            "hashes": [
                "sha256:9ab957090f7893172768bb8b8d2c5cce0afd36a9d36d73a9fb14168f72d75a8b",
                "sha256:f56148e2c6b9a2d704218da42f07d72f00270bfddb13bc1bdea20d3327daa51e"
            ],
            "version": "==1.15.18"
        },
        "botocore": {
            "hashes": [
                "sha256:de5f9fc0c7e88ee7ba831fa27475be258ae09ece99143ed623d3618a3c84ee2c",
                "sha256:e224754230e7e015836ba20037cac6321e8e2ce9b8627c14d579fcb37249decd"
            ],
            "version": "==1.18.18"
        },
        "certifi": {
            "hashes": [
                "sha256:1f422849db327d534e3d0c5f02a263458c3955ec0aae4ff09b95f195c59f4edd",
                "sha256:f05def092c44fbf25834a51509ef6e631dc19765ab8a57b4e7ab85531f0a9cf4"
            ],
            "version": "==2020.11.8"
        },
        "cffi": {
            "hashes": [
                "sha256:00a1ba5e2e95684448de9b89888ccd02c98d512064b4cb987d48f4b40aa0421e",
                "sha256:00e28066507bfc3fe865a31f325c8391a1ac2916219340f87dfad602c3e48e5d",
                "sha256:045d792900a75e8b1e1b0ab6787dd733a8190ffcf80e8c8ceb2fb10a29ff238a",
                "sha256:0638c3ae1a0edfb77c6765d487fee624d2b1ee1bdfeffc1f0b58c64d149e7eec",
                "sha256:105abaf8a6075dc96c1fe5ae7aae073f4696f2905fde6aeada4c9d2926752362",
                "sha256:155136b51fd733fa94e1c2ea5211dcd4c8879869008fc811648f16541bf99668",
                "sha256:1a465cbe98a7fd391d47dce4b8f7e5b921e6cd805ef421d04f5f66ba8f06086c",
                "sha256:1d2c4994f515e5b485fd6d3a73d05526aa0fcf248eb135996b088d25dfa1865b",
                "sha256:2c24d61263f511551f740d1a065eb0212db1dbbbbd241db758f5244281590c06",
                "sha256:51a8b381b16ddd370178a65360ebe15fbc1c71cf6f584613a7ea08bfad946698",
                "sha256:594234691ac0e9b770aee9fcdb8fa02c22e43e5c619456efd0d6c2bf276f3eb2",
                "sha256:5cf4be6c304ad0b6602f5c4e90e2f59b47653ac1ed9c662ed379fe48a8f26b0c",
                "sha256:64081b3f8f6f3c3de6191ec89d7dc6c86a8a43911f7ecb422c60e90c70be41c7",
                "sha256:6bc25fc545a6b3d57b5f8618e59fc13d3a3a68431e8ca5fd4c13241cd70d0009",
                "sha256:798caa2a2384b1cbe8a2a139d80734c9db54f9cc155c99d7cc92441a23871c03",
                "sha256:7c6b1dece89874d9541fc974917b631406233ea0440d0bdfbb8e03bf39a49b3b",
                "sha256:840793c68105fe031f34d6a086eaea153a0cd5c491cde82a74b420edd0a2b909",
                "sha256:8d6603078baf4e11edc4168a514c5ce5b3ba6e3e9c374298cb88437957960a53",
                "sha256:9cc46bc107224ff5b6d04369e7c595acb700c3613ad7bcf2e2012f62ece80c35",
                "sha256:9f7a31251289b2ab6d4012f6e83e58bc3b96bd151f5b5262467f4bb6b34a7c26",
                "sha256:9ffb888f19d54a4d4dfd4b3f29bc2c16aa4972f1c2ab9c4ab09b8ab8685b9c2b",
                "sha256:a5ed8c05548b54b998b9498753fb9cadbfd92ee88e884641377d8a8b291bcc01",
                "sha256:a7711edca4dcef1a75257b50a2fbfe92a65187c47dab5a0f1b9b332c5919a3fb",
                "sha256:af5c59122a011049aad5dd87424b8e65a80e4a6477419c0c1015f73fb5ea0293",
                "sha256:b18e0a9ef57d2b41f5c68beefa32317d286c3d6ac0484efd10d6e07491bb95dd",
                "sha256:b4e248d1087abf9f4c10f3c398896c87ce82a9856494a7155823eb45a892395d",
                "sha256:ba4e9e0ae13fc41c6b23299545e5ef73055213e466bd107953e4a013a5ddd7e3",
                "sha256:c6332685306b6417a91b1ff9fae889b3ba65c2292d64bd9245c093b1b284809d",
                "sha256:d5ff0621c88ce83a28a10d2ce719b2ee85635e85c515f12bac99a95306da4b2e",
                "sha256:d9efd8b7a3ef378dd61a1e77367f1924375befc2eba06168b6ebfa903a5e59ca",
                "sha256:df5169c4396adc04f9b0a05f13c074df878b6052430e03f50e68adf3a57aa28d",
                "sha256:ebb253464a5d0482b191274f1c8bf00e33f7e0b9c66405fbffc61ed2c839c775",
                "sha256:ec80dc47f54e6e9a78181ce05feb71a0353854cc26999db963695f950b5fb375",
                "sha256:f032b34669220030f905152045dfa27741ce1a6db3324a5bc0b96b6c7420c87b",
                "sha256:f60567825f791c6f8a592f3c6e3bd93dd2934e3f9dac189308426bd76b00ef3b",
                "sha256:f803eaa94c2fcda012c047e62bc7a51b0bdabda1cad7a92a522694ea2d76e49f"
            ],
            "version": "==1.14.4"
        },
        "chardet": {
            "hashes": [
                "sha256:84ab92ed1c4d4f16916e05906b6b75a6c0fb5db821cc65e70cbd64a3e2a5eaae",
                "sha256:fc323ffcaeaed0e0a02bf4d117757b98aed530d9ed4531e3e15460124c106691"
            ],
            "version": "==3.0.4"
        },
        "click": {
            "hashes": [
                "sha256:d2b5255c7c6349bc1bd1e59e08cd12acbbd63ce649f2588755783aa94dfb6b1a",
                "sha256:dacca89f4bfadd5de3d7489b7c8a566eee0d3676333fbb50030263894c38c0dc"
            ],
            "index": "pypi",
            "version": "==7.1.2"
        },
        "cryptography": {
            "hashes": [
                "sha256:07ca431b788249af92764e3be9a488aa1d39a0bc3be313d826bbec690417e538",
                "sha256:13b88a0bd044b4eae1ef40e265d006e34dbcde0c2f1e15eb9896501b2d8f6c6f",
                "sha256:32434673d8505b42c0de4de86da8c1620651abd24afe91ae0335597683ed1b77",
                "sha256:3cd75a683b15576cfc822c7c5742b3276e50b21a06672dc3a800a2d5da4ecd1b",
                "sha256:4e7268a0ca14536fecfdf2b00297d4e407da904718658c1ff1961c713f90fd33",
                "sha256:545a8550782dda68f8cdc75a6e3bf252017aa8f75f19f5a9ca940772fc0cb56e",
                "sha256:55d0b896631412b6f0c7de56e12eb3e261ac347fbaa5d5e705291a9016e5f8cb",
                "sha256:5849d59358547bf789ee7e0d7a9036b2d29e9a4ddf1ce5e06bb45634f995c53e",
                "sha256:6dc59630ecce8c1f558277ceb212c751d6730bd12c80ea96b4ac65637c4f55e7",
                "sha256:7117319b44ed1842c617d0a452383a5a052ec6aa726dfbaffa8b94c910444297",
                "sha256:75e8e6684cf0034f6bf2a97095cb95f81537b12b36a8fedf06e73050bb171c2d",
                "sha256:7b8d9d8d3a9bd240f453342981f765346c87ade811519f98664519696f8e6ab7",
                "sha256:a035a10686532b0587d58a606004aa20ad895c60c4d029afa245802347fab57b",
                "sha256:a4e27ed0b2504195f855b52052eadcc9795c59909c9d84314c5408687f933fc7",
                "sha256:a733671100cd26d816eed39507e585c156e4498293a907029969234e5e634bc4",
                "sha256:a75f306a16d9f9afebfbedc41c8c2351d8e61e818ba6b4c40815e2b5740bb6b8",
                "sha256:bd717aa029217b8ef94a7d21632a3bb5a4e7218a4513d2521c2a2fd63011e98b",
                "sha256:d25cecbac20713a7c3bc544372d42d8eafa89799f492a43b79e1dfd650484851",
                "sha256:d26a2557d8f9122f9bf445fc7034242f4375bd4e95ecda007667540270965b13",
                "sha256:d3545829ab42a66b84a9aaabf216a4dce7f16dbc76eb69be5c302ed6b8f4a29b",
                "sha256:d3d5e10be0cf2a12214ddee45c6bd203dab435e3d83b4560c03066eda600bfe3",
                "sha256:efe15aca4f64f3a7ea0c09c87826490e50ed166ce67368a68f315ea0807a20df"
            ],
            "markers": "python_version >= '2.7' and python_version not in '3.0, 3.1, 3.2, 3.3, 3.4'",
            "version": "==3.2.1"
        },
        "idna": {
            "hashes": [
                "sha256:c357b3f628cf53ae2c4c05627ecc484553142ca23264e593d327bcde5e9c3407",
                "sha256:ea8b7f6188e6fa117537c3df7da9fc686d485087abf6ac197f9c46432f7e4a3c"
            ],
            "index": "pypi",
            "version": "==2.8"
        },
        "isodate": {
            "hashes": [
                "sha256:2e364a3d5759479cdb2d37cce6b9376ea504db2ff90252a2e5b7cc89cc9ff2d8",
                "sha256:aa4d33c06640f5352aca96e4b81afd8ab3b47337cc12089822d6f322ac772c81"
            ],
            "version": "==0.6.0"
        },
        "jmespath": {
            "hashes": [
                "sha256:b85d0567b8666149a93172712e68920734333c0ce7e89b78b3e987f71e5ed4f9",
                "sha256:cdf6525904cc597730141d61b36f2e4b8ecc257c420fa2f4549bac2c2d0cb72f"
            ],
            "markers": "python_version >= '2.6' and python_version not in '3.0, 3.1, 3.2, 3.3'",
            "version": "==0.10.0"
        },
        "msrest": {
            "hashes": [
                "sha256:55f8c3940bc5dc609f8cf9fcd639444716cc212a943606756272e0d0017bbb5b",
                "sha256:87aa64948c3ef3dbf6f6956d2240493e68d714e4621b92b65b3c4d5808297929"
            ],
            "version": "==0.6.19"
        },
        "oauthlib": {
            "hashes": [
                "sha256:bee41cc35fcca6e988463cacc3bcb8a96224f470ca547e697b604cc697b2f889",
                "sha256:df884cd6cbe20e32633f1db1072e9356f53638e4361bef4e8b03c9127c9328ea"
            ],
            "markers": "python_version >= '2.7' and python_version not in '3.0, 3.1, 3.2, 3.3'",
            "version": "==3.1.0"
        },
        "oscrypto": {
            "hashes": [
                "sha256:7d2cca6235d89d1af6eb9cfcd4d2c0cb405849868157b2f7b278beb644d48694",
                "sha256:988087e05b17df8bfcc7c5fac51f54595e46d3e4dffa7b3d15955cf61a633529"
            ],
            "version": "==1.2.1"
        },
        "pycparser": {
            "hashes": [
                "sha256:2d475327684562c3a96cc71adf7dc8c4f0565175cf86b6d7a404ff4c771f15f0",
                "sha256:7582ad22678f0fcd81102833f60ef8d0e57288b6b5fb00323d101be910e35705"
            ],
            "markers": "python_version >= '2.7' and python_version not in '3.0, 3.1, 3.2, 3.3'",
            "version": "==2.20"
        },
        "pycryptodomex": {
            "hashes": [
                "sha256:15c03ffdac17731b126880622823d30d0a3cc7203cd219e6b9814140a44e7fab",
                "sha256:20fb7f4efc494016eab1bc2f555bc0a12dd5ca61f35c95df8061818ffb2c20a3",
                "sha256:28ee3bcb4d609aea3040cad995a8e2c9c6dc57c12183dadd69e53880c35333b9",
                "sha256:305e3c46f20d019cd57543c255e7ba49e432e275d7c0de8913b6dbe57a851bc8",
                "sha256:3547b87b16aad6afb28c9b3a9cd870e11b5e7b5ac649b74265258d96d8de1130",
                "sha256:3642252d7bfc4403a42050e18ba748bedebd5a998a8cba89665a4f42aea4c380",
                "sha256:404faa3e518f8bea516aae2aac47d4d960397199a15b4bd6f66cad97825469a0",
                "sha256:42669638e4f7937b7141044a2fbd1019caca62bd2cdd8b535f731426ab07bde1",
                "sha256:4632d55a140b28e20be3cd7a3057af52fb747298ff0fd3290d4e9f245b5004ba",
                "sha256:4a88c9383d273bdce3afc216020282c9c5c39ec0bd9462b1a206af6afa377cf0",
                "sha256:4ce1fc1e6d2fd2d6dc197607153327989a128c093e0e94dca63408f506622c3e",
                "sha256:55cf4e99b3ba0122dee570dc7661b97bf35c16aab3e2ccb5070709d282a1c7ab",
                "sha256:5e486cab2dfcfaec934dd4f5d5837f4a9428b690f4d92a3b020fd31d1497ca64",
                "sha256:65ec88c8271448d2ea109d35c1f297b09b872c57214ab7e832e413090d3469a9",
                "sha256:6c95a3361ce70068cf69526a58751f73ddac5ba27a3c2379b057efa2f5338c8c",
                "sha256:73240335f4a1baf12880ebac6df66ab4d3a9212db9f3efe809c36a27280d16f8",
                "sha256:7651211e15109ac0058a49159265d9f6e6423c8a81c65434d3c56d708417a05b",
                "sha256:7b5b7c5896f8172ea0beb283f7f9428e0ab88ec248ce0a5b8c98d73e26267d51",
                "sha256:836fe39282e75311ce4c38468be148f7fac0df3d461c5de58c5ff1ddb8966bac",
                "sha256:871852044f55295449fbf225538c2c4118525093c32f0a6c43c91bed0452d7e3",
                "sha256:892e93f3e7e10c751d6c17fa0dc422f7984cfd5eb6690011f9264dc73e2775fc",
                "sha256:934e460c5058346c6f1d62fdf3db5680fbdfbfd212722d24d8277bf47cd9ebdc",
                "sha256:9736f3f3e1761024200637a080a4f922f5298ad5d780e10dbb5634fe8c65b34c",
                "sha256:a1d38a96da57e6103423a446079ead600b450cf0f8ebf56a231895abf77e7ffc",
                "sha256:a385fceaa0cdb97f0098f1c1e9ec0b46cc09186ddf60ec23538e871b1dddb6dc",
                "sha256:a7cf1c14e47027d9fb9d26aa62e5d603994227bd635e58a8df4b1d2d1b6a8ed7",
                "sha256:a9aac1a30b00b5038d3d8e48248f3b58ea15c827b67325c0d18a447552e30fc8",
                "sha256:b696876ee583d15310be57311e90e153a84b7913ac93e6b99675c0c9867926d0",
                "sha256:bef9e9d39393dc7baec39ba4bac6c73826a4db02114cdeade2552a9d6afa16e2",
                "sha256:c885fe4d5f26ce8ca20c97d02e88f5fdd92c01e1cc771ad0951b21e1641faf6d",
                "sha256:d2d1388595cb5d27d9220d5cbaff4f37c6ec696a25882eb06d224d241e6e93fb",
                "sha256:d2e853e0f9535e693fade97768cf7293f3febabecc5feb1e9b2ffdfe1044ab96",
                "sha256:d62fbab185a6b01c5469eda9f0795f3d1a5bba24f5a5813f362e4b73a3c4dc70",
                "sha256:f20a62397e09704049ce9007bea4f6bad965ba9336a760c6f4ef1b4192e12d6d",
                "sha256:f81f7311250d9480e36dec819127897ae772e7e8de07abfabe931b8566770b8e"
            ],
            "markers": "python_version >= '2.6' and python_version not in '3.0, 3.1, 3.2, 3.3'",
            "version": "==3.9.9"
        },
        "pyjwt": {
            "hashes": [
                "sha256:5c6eca3c2940464d106b99ba83b00c6add741c9becaec087fb7ccdefea71350e",
                "sha256:8d59a976fb773f3e6a39c85636357c4f0e242707394cadadd9814f5cbaa20e96"
            ],
            "version": "==1.7.1"
        },
        "pyopenssl": {
            "hashes": [
                "sha256:898aefbde331ba718570244c3b01dcddb1b31a3b336613436a45e52e27d9a82d",
                "sha256:92f08eccbd73701cf744e8ffd6989aa7842d48cbe3fea8a7c031c5647f590ac5"
            ],
            "markers": "python_version >= '2.7' and python_version not in '3.0, 3.1, 3.2, 3.3, 3.4'",
            "version": "==20.0.0"
        },
        "python-dateutil": {
            "hashes": [
                "sha256:73ebfe9dbf22e832286dafa60473e4cd239f8592f699aa5adaf10050e6e1823c",
                "sha256:75bb3f31ea686f1197762692a9ee6a7550b59fc6ca3a1f4b5d7e32fb98e2da2a"
            ],
            "markers": "python_version >= '2.7' and python_version not in '3.0, 3.1, 3.2, 3.3'",
            "version": "==2.8.1"
        },
        "pytz": {
            "hashes": [
                "sha256:3e6b7dd2d1e0a59084bcee14a17af60c5c562cdc16d828e8eba2e683d3a7e268",
                "sha256:5c55e189b682d420be27c6995ba6edce0c0a77dd67bfbe2ae6607134d5851ffd"
            ],
            "version": "==2020.4"
        },
        "requests": {
            "hashes": [
                "sha256:43999036bfa82904b6af1d99e4882b560e5e2c68e5c4b0aa03b655f3d7d73fee",
                "sha256:5d2d0ffbb515f39417009a46c14256291061ac01ba8f875b90cad137de83beb4",
                "sha256:b3f43d496c6daba4493e7c431722aeb7dbc6288f52a6e04e7b6023b0247817e6"
            ],
            "markers": "python_version >= '2.7' and python_version not in '3.0, 3.1, 3.2, 3.3, 3.4'",
            "version": "==2.23.0"
        },
        "requests-oauthlib": {
            "hashes": [
                "sha256:7f71572defaecd16372f9006f33c2ec8c077c3cfa6f5911a9a90202beb513f3d",
                "sha256:b4261601a71fd721a8bd6d7aa1cc1d6a8a93b4a9f5e96626f8e4d91e8beeaa6a",
                "sha256:fa6c47b933f01060936d87ae9327fead68768b69c6c9ea2109c48be30f2d4dbc"
            ],
            "version": "==1.3.0"
        },
        "s3transfer": {
            "hashes": [
                "sha256:2482b4259524933a022d59da830f51bd746db62f047d6eb213f2f8855dcb8a13",
                "sha256:921a37e2aefc64145e7b73d50c71bb4f26f46e4c9f414dc648c6245ff92cf7db"
            ],
            "version": "==0.3.3"
        },
        "six": {
            "hashes": [
                "sha256:30639c035cdb23534cd4aa2dd52c3bf48f06e5f4a941509c8bafd8ce11080259",
                "sha256:8b74bedcbbbaca38ff6d7491d76f2b06b3592611af620f8426e82dddb04a5ced"
            ],
            "markers": "python_version >= '2.7' and python_version not in '3.0, 3.1, 3.2, 3.3'",
            "version": "==1.15.0"
        },
        "snowflake-connector-python": {
            "hashes": [
                "sha256:095c70c417d0fcb437d78c0becc893a52829021a7e7be561c7040fb794946b9e",
                "sha256:1a4ebf25989fc13d6f70dc3e2064721c54834e493a7964a1d67be61d40e75f50",
                "sha256:2b16528c07c9288fc94fef1d5b5cf81b6b5b2536d92ab096b15efce0b6ef893c",
                "sha256:3473e90d7662b140107d479bc5eb1262ddbe438a7dd1f7bad8b719ae1469622a",
                "sha256:34dfdaf7b039eaf0809d8fba90d9532abff660ea8fdedd2575441699a01cd70f",
                "sha256:37a37028ecf257193a881c65054dc1f839064dc8d9d3af3581ac5cd9529eb6a0",
                "sha256:5166aa60520cc7ddb8a4762f5541c5417e94990a58addcbc340b0a1b2ee552bf",
                "sha256:549d5381322911b8e4a48a8f8de9342b38c93dcaddc8e08b99196ef0b7b8f414",
                "sha256:5c30b8bb358f5b38d405242b758538cc06350896237b59acec6b9df126dad31a",
                "sha256:76d6a35388d76105526d4f3e0a88d211b1a6490887427f6f39b017b0e4c1243b",
                "sha256:7c2636e1df3a30489d12c57d06577a26ddd144ff576cc7b937065160119b6e02",
                "sha256:a22e1538f462877c8116591ea0e0c7ece8eda0e2ce73bca2427a6c49c7072d3f",
                "sha256:b88a00abf43ae405376738f7ed405388baecc77ae6b956b543b1420b571af0f5",
                "sha256:ba07c4f5cf107ea5c08c284eb19708cd9198fe763c7284ab0cc9b6b28aeccfb3",
                "sha256:dcdad3d42d548164357ed5fb8f3026546681838ea815622b2a37a633813934e4",
                "sha256:e67bf65598487e1dbea9e5d43dfa9a3d7a19a7f9616e416e19aae46ea3f5479c",
                "sha256:ffcc08ebaa3dd87403b10144c9b4be116af1406969adbe9d980d1d07f07d08ea"
            ],
            "markers": "python_version >= '3.5'",
            "version": "==2.3.6"
        },
        "snowflake-sqlalchemy": {
            "hashes": [
                "sha256:e20ee81f3c2f6748b33a69d2e97018930ed09f83e27b1aa36ba5f841eb53bdce",
                "sha256:e79d83d4947a0945488699324802eda4ad4a63c7680ad5b2a42c71f4faa2cd8b"
            ],
            "index": "pypi",
            "version": "==1.2.4"
        },
        "sqlalchemy": {
            "hashes": [
                "sha256:009e8388d4d551a2107632921320886650b46332f61dc935e70c8bcf37d8e0d6",
                "sha256:0157c269701d88f5faf1fa0e4560e4d814f210c01a5b55df3cab95e9346a8bcc",
                "sha256:0a92745bb1ebbcb3985ed7bda379b94627f0edbc6c82e9e4bac4fb5647ae609a",
                "sha256:0cca1844ba870e81c03633a99aa3dc62256fb96323431a5dec7d4e503c26372d",
                "sha256:166917a729b9226decff29416f212c516227c2eb8a9c9f920d69ced24e30109f",
                "sha256:1f5f369202912be72fdf9a8f25067a5ece31a2b38507bb869306f173336348da",
                "sha256:2909dffe5c9a615b7e6c92d1ac2d31e3026dc436440a4f750f4749d114d88ceb",
                "sha256:2b5dafed97f778e9901b79cc01b88d39c605e0545b4541f2551a2fd785adc15b",
                "sha256:2e9bd5b23bba8ae8ce4219c9333974ff5e103c857d9ff0e4b73dc4cb244c7d86",
                "sha256:3aa6d45e149a16aa1f0c46816397e12313d5e37f22205c26e06975e150ffcf2a",
                "sha256:4bdbdb8ca577c6c366d15791747c1de6ab14529115a2eb52774240c412a7b403",
                "sha256:53fd857c6c8ffc0aa6a5a3a2619f6a74247e42ec9e46b836a8ffa4abe7aab327",
                "sha256:5cdfe54c1e37279dc70d92815464b77cd8ee30725adc9350f06074f91dbfeed2",
                "sha256:5d92c18458a4aa27497a986038d5d797b5279268a2de303cd00910658e8d149c",
                "sha256:632b32183c0cb0053194a4085c304bc2320e5299f77e3024556fa2aa395c2a8b",
                "sha256:7c735c7a6db8ee9554a3935e741cf288f7dcbe8706320251eb38c412e6a4281d",
                "sha256:7cd40cb4bc50d9e87b3540b23df6e6b24821ba7e1f305c1492b0806c33dbdbec",
                "sha256:84f0ac4a09971536b38cc5d515d6add7926a7e13baa25135a1dbb6afa351a376",
                "sha256:8dcbf377529a9af167cbfc5b8acec0fadd7c2357fc282a1494c222d3abfc9629",
                "sha256:950f0e17ffba7a7ceb0dd056567bc5ade22a11a75920b0e8298865dc28c0eff6",
                "sha256:9e379674728f43a0cd95c423ac0e95262500f9bfd81d33b999daa8ea1756d162",
                "sha256:b15002b9788ffe84e42baffc334739d3b68008a973d65fad0a410ca5d0531980",
                "sha256:b6f036ecc017ec2e2cc2a40615b41850dc7aaaea6a932628c0afc73ab98ba3fb",
                "sha256:bad73f9888d30f9e1d57ac8829f8a12091bdee4949b91db279569774a866a18e",
                "sha256:bbc58fca72ce45a64bb02b87f73df58e29848b693869e58bd890b2ddbb42d83b",
                "sha256:bca4d367a725694dae3dfdc86cf1d1622b9f414e70bd19651f5ac4fb3aa96d61",
                "sha256:be41d5de7a8e241864189b7530ca4aaf56a5204332caa70555c2d96379e18079",
                "sha256:bf53d8dddfc3e53a5bda65f7f4aa40fae306843641e3e8e701c18a5609471edf",
                "sha256:c092fe282de83d48e64d306b4bce03114859cdbfe19bf8a978a78a0d44ddadb1",
                "sha256:c3ab23ee9674336654bf9cac30eb75ac6acb9150dc4b1391bec533a7a4126471",
                "sha256:ce64a44c867d128ab8e675f587aae7f61bd2db836a3c4ba522d884cd7c298a77",
                "sha256:d05cef4a164b44ffda58200efcb22355350979e000828479971ebca49b82ddb1",
                "sha256:d2f25c7f410338d31666d7ddedfa67570900e248b940d186b48461bd4e5569a1",
                "sha256:d3b709d64b5cf064972b3763b47139e4a0dc4ae28a36437757f7663f67b99710",
                "sha256:e32e3455db14602b6117f0f422f46bc297a3853ae2c322ecd1e2c4c04daf6ed5",
                "sha256:ed53209b5f0f383acb49a927179fa51a6e2259878e164273ebc6815f3a752465",
                "sha256:f605f348f4e6a2ba00acb3399c71d213b92f27f2383fc4abebf7a37368c12142",
                "sha256:fcdb3755a7c355bc29df1b5e6fb8226d5c8b90551d202d69d0076a8a5649d68b"
            ],
            "markers": "python_version >= '2.7' and python_version not in '3.0, 3.1, 3.2, 3.3'",
            "version": "==1.3.20"
        },
        "urllib3": {
            "hashes": [
                "sha256:8d7eaa5a82a1cac232164990f04874c594c9453ec55eef02eab885aa02fc17a2",
                "sha256:f5321fbe4bf3fefa0efd0bfe7fb14e90909eb62a48ccda331726b4319897dd5e"
            ],
            "markers": "python_version != '3.4'",
            "version": "==1.25.11"
        }
    },
    "develop": {}
}
